// !$*UTF8*$!
{
	archiveVersion = 1;
	classes = {
	};
	objectVersion = 56;
	objects = {

/* Begin PBXBuildFile section */
		D723F0F92B58D50700D1C5CC /* MovingPlane.swift in Sources */ = {isa = PBXBuildFile; fileRef = D723F0F82B58D50700D1C5CC /* MovingPlane.swift */; };
		D723F0FB2B58D96800D1C5CC /* NotificationViewAnimation.swift in Sources */ = {isa = PBXBuildFile; fileRef = D723F0FA2B58D96800D1C5CC /* NotificationViewAnimation.swift */; };
		D723F0FD2B58DE9900D1C5CC /* CombineAnimations.swift in Sources */ = {isa = PBXBuildFile; fileRef = D723F0FC2B58DE9900D1C5CC /* CombineAnimations.swift */; };
		D750C18D2B56293500765090 /* AnimationBoardApp.swift in Sources */ = {isa = PBXBuildFile; fileRef = D750C18C2B56293500765090 /* AnimationBoardApp.swift */; };
		D750C18F2B56293500765090 /* ContentView.swift in Sources */ = {isa = PBXBuildFile; fileRef = D750C18E2B56293500765090 /* ContentView.swift */; };
		D750C1912B56293900765090 /* Assets.xcassets in Resources */ = {isa = PBXBuildFile; fileRef = D750C1902B56293900765090 /* Assets.xcassets */; };
		D750C1942B56293900765090 /* Preview Assets.xcassets in Resources */ = {isa = PBXBuildFile; fileRef = D750C1932B56293900765090 /* Preview Assets.xcassets */; };
		D750C1B72B562B6400765090 /* TransitionAnimation.swift in Sources */ = {isa = PBXBuildFile; fileRef = D750C1B62B562B6400765090 /* TransitionAnimation.swift */; };
		D750C1B92B56362000765090 /* FanbladesAnimationView.swift in Sources */ = {isa = PBXBuildFile; fileRef = D750C1B82B56362000765090 /* FanbladesAnimationView.swift */; };
/* End PBXBuildFile section */

/* Begin PBXContainerItemProxy section */
		D750C19A2B56293900765090 /* PBXContainerItemProxy */ = {
			isa = PBXContainerItemProxy;
			containerPortal = D750C1812B56293500765090 /* Project object */;
			proxyType = 1;
			remoteGlobalIDString = D750C1882B56293500765090;
			remoteInfo = AnimationBoard;
		};
		D750C1A42B56293900765090 /* PBXContainerItemProxy */ = {
			isa = PBXContainerItemProxy;
			containerPortal = D750C1812B56293500765090 /* Project object */;
			proxyType = 1;
			remoteGlobalIDString = D750C1882B56293500765090;
			remoteInfo = AnimationBoard;
		};
/* End PBXContainerItemProxy section */

/* Begin PBXFileReference section */
		D723F0F82B58D50700D1C5CC /* MovingPlane.swift */ = {isa = PBXFileReference; lastKnownFileType = sourcecode.swift; path = MovingPlane.swift; sourceTree = "<group>"; };
		D723F0FA2B58D96800D1C5CC /* NotificationViewAnimation.swift */ = {isa = PBXFileReference; lastKnownFileType = sourcecode.swift; path = NotificationViewAnimation.swift; sourceTree = "<group>"; };
		D723F0FC2B58DE9900D1C5CC /* CombineAnimations.swift */ = {isa = PBXFileReference; lastKnownFileType = sourcecode.swift; path = CombineAnimations.swift; sourceTree = "<group>"; };
		D750C1892B56293500765090 /* AnimationBoard.app */ = {isa = PBXFileReference; explicitFileType = wrapper.application; includeInIndex = 0; path = AnimationBoard.app; sourceTree = BUILT_PRODUCTS_DIR; };
		D750C18C2B56293500765090 /* AnimationBoardApp.swift */ = {isa = PBXFileReference; lastKnownFileType = sourcecode.swift; path = AnimationBoardApp.swift; sourceTree = "<group>"; };
		D750C18E2B56293500765090 /* ContentView.swift */ = {isa = PBXFileReference; lastKnownFileType = sourcecode.swift; path = ContentView.swift; sourceTree = "<group>"; };
		D750C1902B56293900765090 /* Assets.xcassets */ = {isa = PBXFileReference; lastKnownFileType = folder.assetcatalog; path = Assets.xcassets; sourceTree = "<group>"; };
		D750C1932B56293900765090 /* Preview Assets.xcassets */ = {isa = PBXFileReference; lastKnownFileType = folder.assetcatalog; path = "Preview Assets.xcassets"; sourceTree = "<group>"; };
		D750C1992B56293900765090 /* AnimationBoardTests.xctest */ = {isa = PBXFileReference; explicitFileType = wrapper.cfbundle; includeInIndex = 0; path = AnimationBoardTests.xctest; sourceTree = BUILT_PRODUCTS_DIR; };
		D750C1A32B56293900765090 /* AnimationBoardUITests.xctest */ = {isa = PBXFileReference; explicitFileType = wrapper.cfbundle; includeInIndex = 0; path = AnimationBoardUITests.xctest; sourceTree = BUILT_PRODUCTS_DIR; };
		D750C1B62B562B6400765090 /* TransitionAnimation.swift */ = {isa = PBXFileReference; lastKnownFileType = sourcecode.swift; path = TransitionAnimation.swift; sourceTree = "<group>"; };
		D750C1B82B56362000765090 /* FanbladesAnimationView.swift */ = {isa = PBXFileReference; lastKnownFileType = sourcecode.swift; path = FanbladesAnimationView.swift; sourceTree = "<group>"; };
/* End PBXFileReference section */

/* Begin PBXFrameworksBuildPhase section */
		D750C1862B56293500765090 /* Frameworks */ = {
			isa = PBXFrameworksBuildPhase;
			buildActionMask = 2147483647;
			files = (
			);
			runOnlyForDeploymentPostprocessing = 0;
		};
		D750C1962B56293900765090 /* Frameworks */ = {
			isa = PBXFrameworksBuildPhase;
			buildActionMask = 2147483647;
			files = (
			);
			runOnlyForDeploymentPostprocessing = 0;
		};
		D750C1A02B56293900765090 /* Frameworks */ = {
			isa = PBXFrameworksBuildPhase;
			buildActionMask = 2147483647;
			files = (
			);
			runOnlyForDeploymentPostprocessing = 0;
		};
/* End PBXFrameworksBuildPhase section */

/* Begin PBXGroup section */
		D750C1802B56293500765090 = {
			isa = PBXGroup;
			children = (
				D750C18B2B56293500765090 /* AnimationBoard */,
				D750C18A2B56293500765090 /* Products */,
			);
			sourceTree = "<group>";
		};
		D750C18A2B56293500765090 /* Products */ = {
			isa = PBXGroup;
			children = (
				D750C1892B56293500765090 /* AnimationBoard.app */,
				D750C1992B56293900765090 /* AnimationBoardTests.xctest */,
				D750C1A32B56293900765090 /* AnimationBoardUITests.xctest */,
			);
			name = Products;
			sourceTree = "<group>";
		};
		D750C18B2B56293500765090 /* AnimationBoard */ = {
			isa = PBXGroup;
			children = (
				D750C18C2B56293500765090 /* AnimationBoardApp.swift */,
				D750C18E2B56293500765090 /* ContentView.swift */,
				D750C1902B56293900765090 /* Assets.xcassets */,
				D750C1922B56293900765090 /* Preview Content */,
				D750C1B62B562B6400765090 /* TransitionAnimation.swift */,
				D750C1B82B56362000765090 /* FanbladesAnimationView.swift */,
				D723F0F82B58D50700D1C5CC /* MovingPlane.swift */,
				D723F0FA2B58D96800D1C5CC /* NotificationViewAnimation.swift */,
				D723F0FC2B58DE9900D1C5CC /* CombineAnimations.swift */,
			);
			path = AnimationBoard;
			sourceTree = "<group>";
		};
		D750C1922B56293900765090 /* Preview Content */ = {
			isa = PBXGroup;
			children = (
				D750C1932B56293900765090 /* Preview Assets.xcassets */,
			);
			path = "Preview Content";
			sourceTree = "<group>";
		};
/* End PBXGroup section */

/* Begin PBXNativeTarget section */
		D750C1882B56293500765090 /* AnimationBoard */ = {
			isa = PBXNativeTarget;
			buildConfigurationList = D750C1AD2B56293900765090 /* Build configuration list for PBXNativeTarget "AnimationBoard" */;
			buildPhases = (
				D750C1852B56293500765090 /* Sources */,
				D750C1862B56293500765090 /* Frameworks */,
				D750C1872B56293500765090 /* Resources */,
			);
			buildRules = (
			);
			dependencies = (
			);
			name = AnimationBoard;
			productName = AnimationBoard;
			productReference = D750C1892B56293500765090 /* AnimationBoard.app */;
			productType = "com.apple.product-type.application";
		};
		D750C1982B56293900765090 /* AnimationBoardTests */ = {
			isa = PBXNativeTarget;
			buildConfigurationList = D750C1B02B56293900765090 /* Build configuration list for PBXNativeTarget "AnimationBoardTests" */;
			buildPhases = (
				D750C1952B56293900765090 /* Sources */,
				D750C1962B56293900765090 /* Frameworks */,
				D750C1972B56293900765090 /* Resources */,
			);
			buildRules = (
			);
			dependencies = (
				D750C19B2B56293900765090 /* PBXTargetDependency */,
			);
			name = AnimationBoardTests;
			productName = AnimationBoardTests;
			productReference = D750C1992B56293900765090 /* AnimationBoardTests.xctest */;
			productType = "com.apple.product-type.bundle.unit-test";
		};
		D750C1A22B56293900765090 /* AnimationBoardUITests */ = {
			isa = PBXNativeTarget;
			buildConfigurationList = D750C1B32B56293900765090 /* Build configuration list for PBXNativeTarget "AnimationBoardUITests" */;
			buildPhases = (
				D750C19F2B56293900765090 /* Sources */,
				D750C1A02B56293900765090 /* Frameworks */,
				D750C1A12B56293900765090 /* Resources */,
			);
			buildRules = (
			);
			dependencies = (
				D750C1A52B56293900765090 /* PBXTargetDependency */,
			);
			name = AnimationBoardUITests;
			productName = AnimationBoardUITests;
			productReference = D750C1A32B56293900765090 /* AnimationBoardUITests.xctest */;
			productType = "com.apple.product-type.bundle.ui-testing";
		};
/* End PBXNativeTarget section */

/* Begin PBXProject section */
		D750C1812B56293500765090 /* Project object */ = {
			isa = PBXProject;
			attributes = {
				BuildIndependentTargetsInParallel = 1;
				LastSwiftUpdateCheck = 1420;
				LastUpgradeCheck = 1420;
				TargetAttributes = {
					D750C1882B56293500765090 = {
						CreatedOnToolsVersion = 14.2;
					};
					D750C1982B56293900765090 = {
						CreatedOnToolsVersion = 14.2;
						TestTargetID = D750C1882B56293500765090;
					};
					D750C1A22B56293900765090 = {
						CreatedOnToolsVersion = 14.2;
						TestTargetID = D750C1882B56293500765090;
					};
				};
			};
			buildConfigurationList = D750C1842B56293500765090 /* Build configuration list for PBXProject "AnimationBoard" */;
			compatibilityVersion = "Xcode 14.0";
			developmentRegion = en;
			hasScannedForEncodings = 0;
			knownRegions = (
				en,
				Base,
			);
			mainGroup = D750C1802B56293500765090;
			productRefGroup = D750C18A2B56293500765090 /* Products */;
			projectDirPath = "";
			projectRoot = "";
			targets = (
				D750C1882B56293500765090 /* AnimationBoard */,
				D750C1982B56293900765090 /* AnimationBoardTests */,
				D750C1A22B56293900765090 /* AnimationBoardUITests */,
			);
		};
/* End PBXProject section */

/* Begin PBXResourcesBuildPhase section */
		D750C1872B56293500765090 /* Resources */ = {
			isa = PBXResourcesBuildPhase;
			buildActionMask = 2147483647;
			files = (
				D750C1942B56293900765090 /* Preview Assets.xcassets in Resources */,
				D750C1912B56293900765090 /* Assets.xcassets in Resources */,
			);
			runOnlyForDeploymentPostprocessing = 0;
		};
		D750C1972B56293900765090 /* Resources */ = {
			isa = PBXResourcesBuildPhase;
			buildActionMask = 2147483647;
			files = (
			);
			runOnlyForDeploymentPostprocessing = 0;
		};
		D750C1A12B56293900765090 /* Resources */ = {
			isa = PBXResourcesBuildPhase;
			buildActionMask = 2147483647;
			files = (
			);
			runOnlyForDeploymentPostprocessing = 0;
		};
/* End PBXResourcesBuildPhase section */

/* Begin PBXSourcesBuildPhase section */
		D750C1852B56293500765090 /* Sources */ = {
			isa = PBXSourcesBuildPhase;
			buildActionMask = 2147483647;
			files = (
				D750C18F2B56293500765090 /* ContentView.swift in Sources */,
				D750C1B92B56362000765090 /* FanbladesAnimationView.swift in Sources */,
				D750C18D2B56293500765090 /* AnimationBoardApp.swift in Sources */,
				D723F0FD2B58DE9900D1C5CC /* CombineAnimations.swift in Sources */,
				D750C1B72B562B6400765090 /* TransitionAnimation.swift in Sources */,
				D723F0F92B58D50700D1C5CC /* MovingPlane.swift in Sources */,
				D723F0FB2B58D96800D1C5CC /* NotificationViewAnimation.swift in Sources */,
			);
			runOnlyForDeploymentPostprocessing = 0;
		};
		D750C1952B56293900765090 /* Sources */ = {
			isa = PBXSourcesBuildPhase;
			buildActionMask = 2147483647;
			files = (
			);
			runOnlyForDeploymentPostprocessing = 0;
		};
		D750C19F2B56293900765090 /* Sources */ = {
			isa = PBXSourcesBuildPhase;
			buildActionMask = 2147483647;
			files = (
			);
			runOnlyForDeploymentPostprocessing = 0;
		};
/* End PBXSourcesBuildPhase section */

/* Begin PBXTargetDependency section */
		D750C19B2B56293900765090 /* PBXTargetDependency */ = {
			isa = PBXTargetDependency;
			target = D750C1882B56293500765090 /* AnimationBoard */;
			targetProxy = D750C19A2B56293900765090 /* PBXContainerItemProxy */;
		};
		D750C1A52B56293900765090 /* PBXTargetDependency */ = {
			isa = PBXTargetDependency;
			target = D750C1882B56293500765090 /* AnimationBoard */;
			targetProxy = D750C1A42B56293900765090 /* PBXContainerItemProxy */;
		};
/* End PBXTargetDependency section */

/* Begin XCBuildConfiguration section */
		D750C1AB2B56293900765090 /* Debug */ = {
			isa = XCBuildConfiguration;
			buildSettings = {
				ALWAYS_SEARCH_USER_PATHS = NO;
				CLANG_ANALYZER_NONNULL = YES;
				CLANG_ANALYZER_NUMBER_OBJECT_CONVERSION = YES_AGGRESSIVE;
				CLANG_CXX_LANGUAGE_STANDARD = "gnu++20";
				CLANG_ENABLE_MODULES = YES;
				CLANG_ENABLE_OBJC_ARC = YES;
				CLANG_ENABLE_OBJC_WEAK = YES;
				CLANG_WARN_BLOCK_CAPTURE_AUTORELEASING = YES;
				CLANG_WARN_BOOL_CONVERSION = YES;
				CLANG_WARN_COMMA = YES;
				CLANG_WARN_CONSTANT_CONVERSION = YES;
				CLANG_WARN_DEPRECATED_OBJC_IMPLEMENTATIONS = YES;
				CLANG_WARN_DIRECT_OBJC_ISA_USAGE = YES_ERROR;
				CLANG_WARN_DOCUMENTATION_COMMENTS = YES;
				CLANG_WARN_EMPTY_BODY = YES;
				CLANG_WARN_ENUM_CONVERSION = YES;
				CLANG_WARN_INFINITE_RECURSION = YES;
				CLANG_WARN_INT_CONVERSION = YES;
				CLANG_WARN_NON_LITERAL_NULL_CONVERSION = YES;
				CLANG_WARN_OBJC_IMPLICIT_RETAIN_SELF = YES;
				CLANG_WARN_OBJC_LITERAL_CONVERSION = YES;
				CLANG_WARN_OBJC_ROOT_CLASS = YES_ERROR;
				CLANG_WARN_QUOTED_INCLUDE_IN_FRAMEWORK_HEADER = YES;
				CLANG_WARN_RANGE_LOOP_ANALYSIS = YES;
				CLANG_WARN_STRICT_PROTOTYPES = YES;
				CLANG_WARN_SUSPICIOUS_MOVE = YES;
				CLANG_WARN_UNGUARDED_AVAILABILITY = YES_AGGRESSIVE;
				CLANG_WARN_UNREACHABLE_CODE = YES;
				CLANG_WARN__DUPLICATE_METHOD_MATCH = YES;
				COPY_PHASE_STRIP = NO;
				DEBUG_INFORMATION_FORMAT = dwarf;
				ENABLE_STRICT_OBJC_MSGSEND = YES;
				ENABLE_TESTABILITY = YES;
				GCC_C_LANGUAGE_STANDARD = gnu11;
				GCC_DYNAMIC_NO_PIC = NO;
				GCC_NO_COMMON_BLOCKS = YES;
				GCC_OPTIMIZATION_LEVEL = 0;
				GCC_PREPROCESSOR_DEFINITIONS = (
					"DEBUG=1",
					"$(inherited)",
				);
				GCC_WARN_64_TO_32_BIT_CONVERSION = YES;
				GCC_WARN_ABOUT_RETURN_TYPE = YES_ERROR;
				GCC_WARN_UNDECLARED_SELECTOR = YES;
				GCC_WARN_UNINITIALIZED_AUTOS = YES_AGGRESSIVE;
				GCC_WARN_UNUSED_FUNCTION = YES;
				GCC_WARN_UNUSED_VARIABLE = YES;
				IPHONEOS_DEPLOYMENT_TARGET = 16.2;
				MTL_ENABLE_DEBUG_INFO = INCLUDE_SOURCE;
				MTL_FAST_MATH = YES;
				ONLY_ACTIVE_ARCH = YES;
				SDKROOT = iphoneos;
				SWIFT_ACTIVE_COMPILATION_CONDITIONS = DEBUG;
				SWIFT_OPTIMIZATION_LEVEL = "-Onone";
			};
			name = Debug;
		};
		D750C1AC2B56293900765090 /* Release */ = {
			isa = XCBuildConfiguration;
			buildSettings = {
				ALWAYS_SEARCH_USER_PATHS = NO;
				CLANG_ANALYZER_NONNULL = YES;
				CLANG_ANALYZER_NUMBER_OBJECT_CONVERSION = YES_AGGRESSIVE;
				CLANG_CXX_LANGUAGE_STANDARD = "gnu++20";
				CLANG_ENABLE_MODULES = YES;
				CLANG_ENABLE_OBJC_ARC = YES;
				CLANG_ENABLE_OBJC_WEAK = YES;
				CLANG_WARN_BLOCK_CAPTURE_AUTORELEASING = YES;
				CLANG_WARN_BOOL_CONVERSION = YES;
				CLANG_WARN_COMMA = YES;
				CLANG_WARN_CONSTANT_CONVERSION = YES;
				CLANG_WARN_DEPRECATED_OBJC_IMPLEMENTATIONS = YES;
				CLANG_WARN_DIRECT_OBJC_ISA_USAGE = YES_ERROR;
				CLANG_WARN_DOCUMENTATION_COMMENTS = YES;
				CLANG_WARN_EMPTY_BODY = YES;
				CLANG_WARN_ENUM_CONVERSION = YES;
				CLANG_WARN_INFINITE_RECURSION = YES;
				CLANG_WARN_INT_CONVERSION = YES;
				CLANG_WARN_NON_LITERAL_NULL_CONVERSION = YES;
				CLANG_WARN_OBJC_IMPLICIT_RETAIN_SELF = YES;
				CLANG_WARN_OBJC_LITERAL_CONVERSION = YES;
				CLANG_WARN_OBJC_ROOT_CLASS = YES_ERROR;
				CLANG_WARN_QUOTED_INCLUDE_IN_FRAMEWORK_HEADER = YES;
				CLANG_WARN_RANGE_LOOP_ANALYSIS = YES;
				CLANG_WARN_STRICT_PROTOTYPES = YES;
				CLANG_WARN_SUSPICIOUS_MOVE = YES;
				CLANG_WARN_UNGUARDED_AVAILABILITY = YES_AGGRESSIVE;
				CLANG_WARN_UNREACHABLE_CODE = YES;
				CLANG_WARN__DUPLICATE_METHOD_MATCH = YES;
				COPY_PHASE_STRIP = NO;
				DEBUG_INFORMATION_FORMAT = "dwarf-with-dsym";
				ENABLE_NS_ASSERTIONS = NO;
				ENABLE_STRICT_OBJC_MSGSEND = YES;
				GCC_C_LANGUAGE_STANDARD = gnu11;
				GCC_NO_COMMON_BLOCKS = YES;
				GCC_WARN_64_TO_32_BIT_CONVERSION = YES;
				GCC_WARN_ABOUT_RETURN_TYPE = YES_ERROR;
				GCC_WARN_UNDECLARED_SELECTOR = YES;
				GCC_WARN_UNINITIALIZED_AUTOS = YES_AGGRESSIVE;
				GCC_WARN_UNUSED_FUNCTION = YES;
				GCC_WARN_UNUSED_VARIABLE = YES;
				IPHONEOS_DEPLOYMENT_TARGET = 16.2;
				MTL_ENABLE_DEBUG_INFO = NO;
				MTL_FAST_MATH = YES;
				SDKROOT = iphoneos;
				SWIFT_COMPILATION_MODE = wholemodule;
				SWIFT_OPTIMIZATION_LEVEL = "-O";
				VALIDATE_PRODUCT = YES;
			};
			name = Release;
		};
		D750C1AE2B56293900765090 /* Debug */ = {
			isa = XCBuildConfiguration;
			buildSettings = {
				ASSETCATALOG_COMPILER_APPICON_NAME = AppIcon;
				ASSETCATALOG_COMPILER_GLOBAL_ACCENT_COLOR_NAME = AccentColor;
				CODE_SIGN_STYLE = Automatic;
				CURRENT_PROJECT_VERSION = 1;
				DEVELOPMENT_ASSET_PATHS = "\"AnimationBoard/Preview Content\"";
				ENABLE_PREVIEWS = YES;
				GENERATE_INFOPLIST_FILE = YES;
				INFOPLIST_KEY_UIApplicationSceneManifest_Generation = YES;
				INFOPLIST_KEY_UIApplicationSupportsIndirectInputEvents = YES;
				INFOPLIST_KEY_UILaunchScreen_Generation = YES;
				INFOPLIST_KEY_UISupportedInterfaceOrientations_iPad = "UIInterfaceOrientationPortrait UIInterfaceOrientationPortraitUpsideDown UIInterfaceOrientationLandscapeLeft UIInterfaceOrientationLandscapeRight";
				INFOPLIST_KEY_UISupportedInterfaceOrientations_iPhone = "UIInterfaceOrientationPortrait UIInterfaceOrientationLandscapeLeft UIInterfaceOrientationLandscapeRight";
				LD_RUNPATH_SEARCH_PATHS = (
					"$(inherited)",
					"@executable_path/Frameworks",
				);
				MARKETING_VERSION = 1.0;
				PRODUCT_BUNDLE_IDENTIFIER = com.firoj.shaikh.AnimationBoard;
				PRODUCT_NAME = "$(TARGET_NAME)";
				SWIFT_EMIT_LOC_STRINGS = YES;
				SWIFT_VERSION = 5.0;
				TARGETED_DEVICE_FAMILY = "1,2";
			};
			name = Debug;
		};
		D750C1AF2B56293900765090 /* Release */ = {
			isa = XCBuildConfiguration;
			buildSettings = {
				ASSETCATALOG_COMPILER_APPICON_NAME = AppIcon;
				ASSETCATALOG_COMPILER_GLOBAL_ACCENT_COLOR_NAME = AccentColor;
				CODE_SIGN_STYLE = Automatic;
				CURRENT_PROJECT_VERSION = 1;
				DEVELOPMENT_ASSET_PATHS = "\"AnimationBoard/Preview Content\"";
				ENABLE_PREVIEWS = YES;
				GENERATE_INFOPLIST_FILE = YES;
				INFOPLIST_KEY_UIApplicationSceneManifest_Generation = YES;
				INFOPLIST_KEY_UIApplicationSupportsIndirectInputEvents = YES;
				INFOPLIST_KEY_UILaunchScreen_Generation = YES;
				INFOPLIST_KEY_UISupportedInterfaceOrientations_iPad = "UIInterfaceOrientationPortrait UIInterfaceOrientationPortraitUpsideDown UIInterfaceOrientationLandscapeLeft UIInterfaceOrientationLandscapeRight";
				INFOPLIST_KEY_UISupportedInterfaceOrientations_iPhone = "UIInterfaceOrientationPortrait UIInterfaceOrientationLandscapeLeft UIInterfaceOrientationLandscapeRight";
				LD_RUNPATH_SEARCH_PATHS = (
					"$(inherited)",
					"@executable_path/Frameworks",
				);
				MARKETING_VERSION = 1.0;
				PRODUCT_BUNDLE_IDENTIFIER = com.firoj.shaikh.AnimationBoard;
				PRODUCT_NAME = "$(TARGET_NAME)";
				SWIFT_EMIT_LOC_STRINGS = YES;
				SWIFT_VERSION = 5.0;
				TARGETED_DEVICE_FAMILY = "1,2";
			};
			name = Release;
		};
		D750C1B12B56293900765090 /* Debug */ = {
			isa = XCBuildConfiguration;
			buildSettings = {
				ALWAYS_EMBED_SWIFT_STANDARD_LIBRARIES = YES;
				BUNDLE_LOADER = "$(TEST_HOST)";
				CODE_SIGN_STYLE = Automatic;
				CURRENT_PROJECT_VERSION = 1;
				GENERATE_INFOPLIST_FILE = YES;
				IPHONEOS_DEPLOYMENT_TARGET = 16.2;
				MARKETING_VERSION = 1.0;
				PRODUCT_BUNDLE_IDENTIFIER = com.firoj.shaikh.AnimationBoardTests;
				PRODUCT_NAME = "$(TARGET_NAME)";
				SWIFT_EMIT_LOC_STRINGS = NO;
				SWIFT_VERSION = 5.0;
				TARGETED_DEVICE_FAMILY = "1,2";
				TEST_HOST = "$(BUILT_PRODUCTS_DIR)/AnimationBoard.app/$(BUNDLE_EXECUTABLE_FOLDER_PATH)/AnimationBoard";
			};
			name = Debug;
		};
		D750C1B22B56293900765090 /* Release */ = {
			isa = XCBuildConfiguration;
			buildSettings = {
				ALWAYS_EMBED_SWIFT_STANDARD_LIBRARIES = YES;
				BUNDLE_LOADER = "$(TEST_HOST)";
				CODE_SIGN_STYLE = Automatic;
				CURRENT_PROJECT_VERSION = 1;
				GENERATE_INFOPLIST_FILE = YES;
				IPHONEOS_DEPLOYMENT_TARGET = 16.2;
				MARKETING_VERSION = 1.0;
				PRODUCT_BUNDLE_IDENTIFIER = com.firoj.shaikh.AnimationBoardTests;
				PRODUCT_NAME = "$(TARGET_NAME)";
				SWIFT_EMIT_LOC_STRINGS = NO;
				SWIFT_VERSION = 5.0;
				TARGETED_DEVICE_FAMILY = "1,2";
				TEST_HOST = "$(BUILT_PRODUCTS_DIR)/AnimationBoard.app/$(BUNDLE_EXECUTABLE_FOLDER_PATH)/AnimationBoard";
			};
			name = Release;
		};
		D750C1B42B56293900765090 /* Debug */ = {
			isa = XCBuildConfiguration;
			buildSettings = {
				ALWAYS_EMBED_SWIFT_STANDARD_LIBRARIES = YES;
				CODE_SIGN_STYLE = Automatic;
				CURRENT_PROJECT_VERSION = 1;
				GENERATE_INFOPLIST_FILE = YES;
				MARKETING_VERSION = 1.0;
				PRODUCT_BUNDLE_IDENTIFIER = com.firoj.shaikh.AnimationBoardUITests;
				PRODUCT_NAME = "$(TARGET_NAME)";
				SWIFT_EMIT_LOC_STRINGS = NO;
				SWIFT_VERSION = 5.0;
				TARGETED_DEVICE_FAMILY = "1,2";
				TEST_TARGET_NAME = AnimationBoard;
			};
			name = Debug;
		};
		D750C1B52B56293900765090 /* Release */ = {
			isa = XCBuildConfiguration;
			buildSettings = {
				ALWAYS_EMBED_SWIFT_STANDARD_LIBRARIES = YES;
				CODE_SIGN_STYLE = Automatic;
				CURRENT_PROJECT_VERSION = 1;
				GENERATE_INFOPLIST_FILE = YES;
				MARKETING_VERSION = 1.0;
				PRODUCT_BUNDLE_IDENTIFIER = com.firoj.shaikh.AnimationBoardUITests;
				PRODUCT_NAME = "$(TARGET_NAME)";
				SWIFT_EMIT_LOC_STRINGS = NO;
				SWIFT_VERSION = 5.0;
				TARGETED_DEVICE_FAMILY = "1,2";
				TEST_TARGET_NAME = AnimationBoard;
			};
			name = Release;
		};
/* End XCBuildConfiguration section */

/* Begin XCConfigurationList section */
		D750C1842B56293500765090 /* Build configuration list for PBXProject "AnimationBoard" */ = {
			isa = XCConfigurationList;
			buildConfigurations = (
				D750C1AB2B56293900765090 /* Debug */,
				D750C1AC2B56293900765090 /* Release */,
			);
			defaultConfigurationIsVisible = 0;
			defaultConfigurationName = Release;
		};
		D750C1AD2B56293900765090 /* Build configuration list for PBXNativeTarget "AnimationBoard" */ = {
			isa = XCConfigurationList;
			buildConfigurations = (
				D750C1AE2B56293900765090 /* Debug */,
				D750C1AF2B56293900765090 /* Release */,
			);
			defaultConfigurationIsVisible = 0;
			defaultConfigurationName = Release;
		};
		D750C1B02B56293900765090 /* Build configuration list for PBXNativeTarget "AnimationBoardTests" */ = {
			isa = XCConfigurationList;
			buildConfigurations = (
				D750C1B12B56293900765090 /* Debug */,
				D750C1B22B56293900765090 /* Release */,
			);
			defaultConfigurationIsVisible = 0;
			defaultConfigurationName = Release;
		};
		D750C1B32B56293900765090 /* Build configuration list for PBXNativeTarget "AnimationBoardUITests" */ = {
			isa = XCConfigurationList;
			buildConfigurations = (
				D750C1B42B56293900765090 /* Debug */,
				D750C1B52B56293900765090 /* Release */,
			);
			defaultConfigurationIsVisible = 0;
			defaultConfigurationName = Release;
		};
/* End XCConfigurationList section */
	};
	rootObject = D750C1812B56293500765090 /* Project object */;
}
